
Microsoft Visual Studio Solution File, Format Version 12.00
# Visual Studio Version 16
VisualStudioVersion = 16.0.31911.196
MinimumVisualStudioVersion = 10.0.40219.1
Project("{FAE04EC0-301F-11D3-BF4B-00C04F79EFBC}") = "KutuphaneOtomasyonu", "KutuphaneOtomasyonu\KutuphaneOtomasyonu.csproj", "{DC06D4D5-2CE1-4022-868F-A04060C62118}"
EndProject
Project("{FAE04EC0-301F-11D3-BF4B-00C04F79EFBC}") = "Entity", "Entity\Entity.csproj", "{E2FBA346-F7C2-47B5-A430-AC1F321CDDD2}"
EndProject
Project("{FAE04EC0-301F-11D3-BF4B-00C04F79EFBC}") = "DAL", "DAL\DAL.csproj", "{FBD4D88B-3EB1-4CDD-9519-C94AD81DA8E1}"
EndProject
Project("{FAE04EC0-301F-11D3-BF4B-00C04F79EFBC}") = "BL", "BL\BL.csproj", "{F858D24E-554F-4797-90FF-F0CDE43D3461}"
EndProject
Project("{54435603-DBB4-11D2-8724-00A0C9A8B90C}") = "Setup", "Setup\Setup.vdproj", "{A7A76DD2-59D4-4390-BF75-4ADF985D0362}"
EndProject
Global
	GlobalSection(SolutionConfigurationPlatforms) = preSolution
		Debug|Any CPU = Debug|Any CPU
		Release|Any CPU = Release|Any CPU
	EndGlobalSection
	GlobalSection(ProjectConfigurationPlatforms) = postSolution
		{DC06D4D5-2CE1-4022-868F-A04060C62118}.Debug|Any CPU.ActiveCfg = Debug|Any CPU
		{DC06D4D5-2CE1-4022-868F-A04060C62118}.Debug|Any CPU.Build.0 = Debug|Any CPU
		{DC06D4D5-2CE1-4022-868F-A04060C62118}.Release|Any CPU.ActiveCfg = Release|Any CPU
		{DC06D4D5-2CE1-4022-868F-A04060C62118}.Release|Any CPU.Build.0 = Release|Any CPU
		{E2FBA346-F7C2-47B5-A430-AC1F321CDDD2}.Debug|Any CPU.ActiveCfg = Debug|Any CPU
		{E2FBA346-F7C2-47B5-A430-AC1F321CDDD2}.Debug|Any CPU.Build.0 = Debug|Any CPU
		{E2FBA346-F7C2-47B5-A430-AC1F321CDDD2}.Release|Any CPU.ActiveCfg = Release|Any CPU
		{E2FBA346-F7C2-47B5-A430-AC1F321CDDD2}.Release|Any CPU.Build.0 = Release|Any CPU
		{FBD4D88B-3EB1-4CDD-9519-C94AD81DA8E1}.Debug|Any CPU.ActiveCfg = Debug|Any CPU
		{FBD4D88B-3EB1-4CDD-9519-C94AD81DA8E1}.Debug|Any CPU.Build.0 = Debug|Any CPU
		{FBD4D88B-3EB1-4CDD-9519-C94AD81DA8E1}.Release|Any CPU.ActiveCfg = Release|Any CPU
		{FBD4D88B-3EB1-4CDD-9519-C94AD81DA8E1}.Release|Any CPU.Build.0 = Release|Any CPU
		{F858D24E-554F-4797-90FF-F0CDE43D3461}.Debug|Any CPU.ActiveCfg = Debug|Any CPU
		{F858D24E-554F-4797-90FF-F0CDE43D3461}.Debug|Any CPU.Build.0 = Debug|Any CPU
		{F858D24E-554F-4797-90FF-F0CDE43D3461}.Release|Any CPU.ActiveCfg = Release|Any CPU
		{F858D24E-554F-4797-90FF-F0CDE43D3461}.Release|Any CPU.Build.0 = Release|Any CPU
		{A7A76DD2-59D4-4390-BF75-4ADF985D0362}.Debug|Any CPU.ActiveCfg = Debug
		{A7A76DD2-59D4-4390-BF75-4ADF985D0362}.Release|Any CPU.ActiveCfg = Release
	EndGlobalSection
	GlobalSection(SolutionProperties) = preSolution
		HideSolutionNode = FALSE
	EndGlobalSection
	GlobalSection(ExtensibilityGlobals) = postSolution
		SolutionGuid = {D7176ABB-D996-4D8C-BA80-B34D4F8D16ED}
	EndGlobalSection
EndGlobal
