
Microsoft Visual Studio Solution File, Format Version 12.00
# Visual Studio Version 16
VisualStudioVersion = 16.0.31911.196
MinimumVisualStudioVersion = 10.0.40219.1
Project("{FAE04EC0-301F-11D3-BF4B-00C04F79EFBC}") = "KutuphaneOtomasyonu", "KutuphaneOtomasyonu\KutuphaneOtomasyonu.csproj", "{DC06D4D5-2CE1-4022-868F-A04060C62118}"
EndProject
Project("{FAE04EC0-301F-11D3-BF4B-00C04F79EFBC}") = "DAL", "DAL\DAL.csproj", "{794F59E1-FB51-4D9A-8597-96150D3CD7E5}"
EndProject
Global
	GlobalSection(SolutionConfigurationPlatforms) = preSolution
		Debug|Any CPU = Debug|Any CPU
		Release|Any CPU = Release|Any CPU
	EndGlobalSection
	GlobalSection(ProjectConfigurationPlatforms) = postSolution
		{DC06D4D5-2CE1-4022-868F-A04060C62118}.Debug|Any CPU.ActiveCfg = Debug|Any CPU
		{DC06D4D5-2CE1-4022-868F-A04060C62118}.Debug|Any CPU.Build.0 = Debug|Any CPU
		{DC06D4D5-2CE1-4022-868F-A04060C62118}.Release|Any CPU.ActiveCfg = Release|Any CPU
		{DC06D4D5-2CE1-4022-868F-A04060C62118}.Release|Any CPU.Build.0 = Release|Any CPU
		{794F59E1-FB51-4D9A-8597-96150D3CD7E5}.Debug|Any CPU.ActiveCfg = Debug|Any CPU
		{794F59E1-FB51-4D9A-8597-96150D3CD7E5}.Debug|Any CPU.Build.0 = Debug|Any CPU
		{794F59E1-FB51-4D9A-8597-96150D3CD7E5}.Release|Any CPU.ActiveCfg = Release|Any CPU
		{794F59E1-FB51-4D9A-8597-96150D3CD7E5}.Release|Any CPU.Build.0 = Release|Any CPU
	EndGlobalSection
	GlobalSection(SolutionProperties) = preSolution
		HideSolutionNode = FALSE
	EndGlobalSection
	GlobalSection(ExtensibilityGlobals) = postSolution
		SolutionGuid = {D7176ABB-D996-4D8C-BA80-B34D4F8D16ED}
	EndGlobalSection
EndGlobal
